{
    "_readme": [
        "This file locks the dependencies of your project to a known state",
        "Read more about it at https://getcomposer.org/doc/01-basic-usage.md#composer-lock-the-lock-file",
        "This file is @generated automatically"
    ],
    "hash": "851031795ff0bacbfeda62d66bdd7a09",
    "content-hash": "3e6499539ca09a8526ecebbffdc48801",
    "packages": [
        {
            "name": "mjohn/vivid",
            "version": "dev-master",
            "source": {
                "type": "git",
                "url": "https://github.com/mbonghanoy/vivid.git",
                "reference": "4a3726ed82fc9e37ada2cee13f59356f56f51faa"
            },
            "type": "library",
            "autoload": {
                "classmap": [
                    "src"
                ]
            },
            "authors": [
                {
                    "name": "mbonghanoy",
                    "email": "bonghanoymark@gmail.com"
                }
            ],
            "time": "2017-08-13 15:20:04"
        }
    ],
    "packages-dev": [],
    "aliases": [],
    "minimum-stability": "stable",
    "stability-flags": {
        "mjohn/vivid": 20
    },
    "prefer-stable": false,
    "prefer-lowest": false,
    "platform": [],
    "platform-dev": []
}
